lockfileVersion: '6.0'

settings:
  autoInstallPeers: true
  excludeLinksFromLockfile: false

dependencies:
  '@moonrepo/cli':
    specifier: ^1.15.4
    version: 1.15.4

packages:

  /@moonrepo/cli@1.15.4:
    resolution: {integrity: sha512-VbI39HnK++HTsDzCd7/Rc71wc/+BNvAdeewtOA3dKl5yS2haxbc5VH7XtPFkX8Cdqodvc7LkEtD1Is4NkS/DpQ==}
    hasBin: true
    requiresBuild: true
    dependencies:
      detect-libc: 2.0.2
    optionalDependencies:
      '@moonrepo/core-linux-arm64-gnu': 1.15.4
      '@moonrepo/core-linux-arm64-musl': 1.15.4
      '@moonrepo/core-linux-x64-gnu': 1.15.4
      '@moonrepo/core-linux-x64-musl': 1.15.4
      '@moonrepo/core-macos-arm64': 1.15.4
      '@moonrepo/core-macos-x64': 1.15.4
      '@moonrepo/core-windows-x64-msvc': 1.15.4
    dev: false

  /@moonrepo/core-linux-arm64-gnu@1.15.4:
    resolution: {integrity: sha512-+0djE35qWnicZ3ANgzdM6jLIKGu/mE+zYmtXIpYV1lgcWcUqX/ssTVQ9l0VHHUC1e4qSAhZUe9GAjMTZ6FYq5w==}
    cpu: [arm64]
    os: [linux]
    requiresBuild: true
    dev: false
    optional: true

  /@moonrepo/core-linux-arm64-musl@1.15.4:
    resolution: {integrity: sha512-AYU/8AFaou4ugtkBD5hMnjukP1MB6cR+J8TDGor01Cx6+nCC8bOCkPlUmc9EjeBJmG3mQwJCCbsybu745mNpfw==}
    cpu: [arm64]
    os: [linux]
    requiresBuild: true
    dev: false
    optional: true

  /@moonrepo/core-linux-x64-gnu@1.15.4:
    resolution: {integrity: sha512-7az1ePM4OsCGp4XR8axAwLJU5C0ujExL8OoQxaF2nJMbkDuLFUP77gPdvX8AzNi1W0kMTNIzgOY9dlbkJ2Yakw==}
    cpu: [x64]
    os: [linux]
    requiresBuild: true
    dev: false
    optional: true

  /@moonrepo/core-linux-x64-musl@1.15.4:
    resolution: {integrity: sha512-xXd/LKlbo7+I0MaD4zaXnH+0UO0/EYrDB+llpAQeUinrl7NAxMTeogothiKZBD1pYOnfMmESyerhxLHVlM4t1w==}
    cpu: [x64]
    os: [linux]
    requiresBuild: true
    dev: false
    optional: true

  /@moonrepo/core-macos-arm64@1.15.4:
    resolution: {integrity: sha512-MCqKcf3u7NiJY2RmP9Zua+5fjLiblPgXX9yE7lBNyRyt62C93x9lCWYeoFPeuPHkPU8MxhusftkKkJIi8T66fQ==}
    cpu: [arm64]
    os: [darwin]
    requiresBuild: true
    dev: false
    optional: true

  /@moonrepo/core-macos-x64@1.15.4:
    resolution: {integrity: sha512-IoFxPJeIOs9ox8BS4UR8TC61ZITJfoqZy/yCR16iQK2GXASnNAoHxk2UaTaLGCNJQu75XPO7Ie/XYg4Vv1P6BQ==}
    cpu: [x64]
    os: [darwin]
    requiresBuild: true
    dev: false
    optional: true

  /@moonrepo/core-windows-x64-msvc@1.15.4:
    resolution: {integrity: sha512-EfIllI+iG0ZivIg++hu/Qvjj+kUsgHiGiP27KmRi5FZbCE6CALSLt2Q+1C/BgH/+xzE0Y5pL/IWcSXeEqEFr+g==}
    cpu: [x64]
    os: [win32]
    requiresBuild: true
    dev: false
    optional: true

  /detect-libc@2.0.2:
    resolution: {integrity: sha512-UX6sGumvvqSaXgdKGUsgZWqcUyIXZ/vZTrlRT/iobiKhGL0zL4d3osHj3uqllWJK+i+sixDS/3COVEOFbupFyw==}
    engines: {node: '>=8'}
    dev: false
